<?xml version="1.0" encoding="utf-8"?>
<Project ToolsVersion="4.0" xmlns="http://schemas.microsoft.com/developer/msbuild/2003">
  <ItemGroup>
    <Filter Include="Source Files">
      <UniqueIdentifier>{4FC737F1-C7A5-4376-A066-2A32D752A2FF}</UniqueIdentifier>
      <Extensions>cpp;c;cc;cxx;def;odl;idl;hpj;bat;asm;asmx</Extensions>
    </Filter>
    <Filter Include="Header Files">
      <UniqueIdentifier>{93995380-89BD-4b04-88EB-625FBE52EBFB}</UniqueIdentifier>
      <Extensions>h;hpp;hxx;hm;inl;inc;xsd</Extensions>
    </Filter>
    <Filter Include="Header Files\Engine">
      <UniqueIdentifier>{be440ca3-9616-4647-84ee-74d5892076d2}</UniqueIdentifier>
    </Filter>
    <Filter Include="Source Files\Engine">
      <UniqueIdentifier>{5193fa48-bca9-4637-9098-1cb5ca0a86f0}</UniqueIdentifier>
    </Filter>
    <Filter Include="Header Files\Example">
      <UniqueIdentifier>{7ecb5fb6-1b0c-4a1d-b891-a3830bafe167}</UniqueIdentifier>
    </Filter>
    <Filter Include="Header Files\Engine\Game">
      <UniqueIdentifier>{64f25954-6a02-45d0-ad74-1db5a6d1a932}</UniqueIdentifier>
    </Filter>
    <Filter Include="Header Files\Engine\Game\Components">
      <UniqueIdentifier>{fe15d937-388c-45a0-9dc1-b0c701243471}</UniqueIdentifier>
    </Filter>
    <Filter Include="Header Files\Engine\Win32">
      <UniqueIdentifier>{d108e6e0-038f-4a7d-b86f-fe4b498a1b63}</UniqueIdentifier>
    </Filter>
    <Filter Include="Header Files\Engine\Systems">
      <UniqueIdentifier>{ecb92c1d-eece-418d-a419-f995df42fd3d}</UniqueIdentifier>
    </Filter>
    <Filter Include="Header Files\Engine\Camera">
      <UniqueIdentifier>{450ed085-7c29-4e7a-bb03-eb98026d4df5}</UniqueIdentifier>
    </Filter>
    <Filter Include="Source Files\Engine\Game">
      <UniqueIdentifier>{860948a9-6f65-4524-9d2a-97781effa6ed}</UniqueIdentifier>
    </Filter>
    <Filter Include="Source Files\Engine\Game\Components">
      <UniqueIdentifier>{b85656f5-f08a-42c6-b7f7-82708acb4c17}</UniqueIdentifier>
    </Filter>
    <Filter Include="Source Files\Engine\Systems">
      <UniqueIdentifier>{e600f1f6-9209-4e6a-b247-e7db6922a16f}</UniqueIdentifier>
    </Filter>
    <Filter Include="Source Files\Engine\Win32">
      <UniqueIdentifier>{37de7dff-8390-4d38-812e-9cde5e0a32cd}</UniqueIdentifier>
    </Filter>
    <Filter Include="Source Files\Engine\Camera">
      <UniqueIdentifier>{52599527-575f-4924-9742-aa98f511dfd9}</UniqueIdentifier>
    </Filter>
    <Filter Include="Source Files\Example">
      <UniqueIdentifier>{cc411a0d-d813-4597-9ebc-a44250a8fba9}</UniqueIdentifier>
    </Filter>
    <Filter Include="Header Files\Engine\Graphics">
      <UniqueIdentifier>{f86970a7-28ad-43d1-a758-7e431998976d}</UniqueIdentifier>
    </Filter>
    <Filter Include="Source Files\Engine\Graphics">
      <UniqueIdentifier>{63250579-d893-487b-a0de-d84aaba67999}</UniqueIdentifier>
    </Filter>
    <Filter Include="Header Files\GameObjects">
      <UniqueIdentifier>{becb20bc-93c5-4173-ab30-a7e3ca09d471}</UniqueIdentifier>
    </Filter>
    <Filter Include="Source Files\GameObjects">
      <UniqueIdentifier>{81e89ccd-4f51-45a4-8b94-30ca52b91f89}</UniqueIdentifier>
    </Filter>
    <Filter Include="Source Files\GameObjects\Graphics">
      <UniqueIdentifier>{03687b6e-538b-4611-94d2-fa1af0680d6c}</UniqueIdentifier>
    </Filter>
    <Filter Include="Source Files\GameObjects\Input">
      <UniqueIdentifier>{9aafea8f-96c8-49b0-9601-4a7f53573435}</UniqueIdentifier>
    </Filter>
    <Filter Include="Source Files\GameObjects\Physics">
      <UniqueIdentifier>{843fb3e9-7564-4fd1-8c10-5c618be7a908}</UniqueIdentifier>
    </Filter>
    <Filter Include="Header Files\GameObjects\Input">
      <UniqueIdentifier>{3b9d86ce-ff14-4bfb-bb8d-1083fa94977e}</UniqueIdentifier>
    </Filter>
    <Filter Include="Header Files\GameObjects\Physics">
      <UniqueIdentifier>{e5d5933b-6777-4c45-b734-76ad44e9c75b}</UniqueIdentifier>
    </Filter>
    <Filter Include="Header Files\GameObjects\Graphics">
      <UniqueIdentifier>{c8dc9d23-c1b9-4746-bc81-286bd60bfac1}</UniqueIdentifier>
    </Filter>
  </ItemGroup>
  <ItemGroup>
    <ClCompile Include="winmain.cpp">
      <Filter>Source Files</Filter>
    </ClCompile>
    <ClCompile Include="GameEngine.cpp">
      <Filter>Source Files\Engine</Filter>
    </ClCompile>
    <ClCompile Include="InputSystem.cpp">
      <Filter>Source Files\Engine\Systems</Filter>
    </ClCompile>
    <ClCompile Include="FontSystem.cpp">
      <Filter>Source Files\Engine\Systems</Filter>
    </ClCompile>
    <ClCompile Include="Win32Console.cpp">
      <Filter>Source Files\Engine\Win32</Filter>
    </ClCompile>
    <ClCompile Include="Window.cpp">
      <Filter>Source Files\Engine\Win32</Filter>
    </ClCompile>
    <ClCompile Include="Camera.cpp">
      <Filter>Source Files\Engine\Camera</Filter>
    </ClCompile>
    <ClCompile Include="QuatCamera.cpp">
      <Filter>Source Files\Engine\Camera</Filter>
    </ClCompile>
    <ClCompile Include="TestGameWorld.cpp">
      <Filter>Source Files\Example</Filter>
    </ClCompile>
    <ClCompile Include="FlightSimulatorGameApp.cpp">
      <Filter>Source Files\Example</Filter>
    </ClCompile>
    <ClCompile Include="GameApp.cpp">
      <Filter>Source Files\Engine\Game</Filter>
    </ClCompile>
    <ClCompile Include="InputComponent.cpp">
      <Filter>Source Files\Engine\Game\Components</Filter>
    </ClCompile>
    <ClCompile Include="BuildingGraphicsComponent.cpp">
      <Filter>Source Files\GameObjects\Graphics</Filter>
    </ClCompile>
    <ClCompile Include="MeshSurfaceGraphicsComponent.cpp">
      <Filter>Source Files\GameObjects\Graphics</Filter>
    </ClCompile>
    <ClCompile Include="CubeGraphicsComponent.cpp">
      <Filter>Source Files\GameObjects\Graphics</Filter>
    </ClCompile>
    <ClCompile Include="GraphicsEngine.cpp">
      <Filter>Source Files\Engine\Graphics</Filter>
    </ClCompile>
    <ClCompile Include="Skybox.cpp">
      <Filter>Source Files\Engine\Graphics</Filter>
    </ClCompile>
    <ClCompile Include="Plane.cpp">
      <Filter>Source Files\GameObjects</Filter>
    </ClCompile>
    <ClCompile Include="Asteroid.cpp">
      <Filter>Source Files\GameObjects</Filter>
    </ClCompile>
    <ClCompile Include="AsteroidGraphicsComponent.cpp">
      <Filter>Source Files\GameObjects\Graphics</Filter>
    </ClCompile>
    <ClCompile Include="Bullet.cpp">
      <Filter>Source Files\GameObjects</Filter>
    </ClCompile>
    <ClCompile Include="BulletGraphicsComponent.cpp">
      <Filter>Source Files\GameObjects\Graphics</Filter>
    </ClCompile>
    <ClCompile Include="PlaneInputComponent.cpp">
      <Filter>Source Files\GameObjects\Input</Filter>
    </ClCompile>
    <ClCompile Include="SpaceshipGraphicsComponent.cpp">
      <Filter>Source Files\GameObjects\Graphics</Filter>
    </ClCompile>
    <ClCompile Include="BulletPhysicsComponent.cpp">
      <Filter>Source Files\GameObjects\Physics</Filter>
    </ClCompile>
    <ClCompile Include="MoveableGameObject.cpp">
      <Filter>Source Files\GameObjects</Filter>
    </ClCompile>
    <ClCompile Include="FollowCamera.cpp">
      <Filter>Source Files\Engine\Camera</Filter>
    </ClCompile>
  </ItemGroup>
  <ItemGroup>
    <ClInclude Include="GameEngine.h">
      <Filter>Header Files\Engine</Filter>
    </ClInclude>
    <ClInclude Include="InputSystem.h">
      <Filter>Header Files\Engine\Systems</Filter>
    </ClInclude>
    <ClInclude Include="FontSystem.h">
      <Filter>Header Files\Engine\Systems</Filter>
    </ClInclude>
    <ClInclude Include="Win32Console.h">
      <Filter>Header Files\Engine\Win32</Filter>
    </ClInclude>
    <ClInclude Include="Window.h">
      <Filter>Header Files\Engine\Win32</Filter>
    </ClInclude>
    <ClInclude Include="QuatCamera.h">
      <Filter>Header Files\Engine\Camera</Filter>
    </ClInclude>
    <ClInclude Include="Camera.h">
      <Filter>Header Files\Engine\Camera</Filter>
    </ClInclude>
    <ClInclude Include="FlightSimulatorGameApp.h">
      <Filter>Header Files\Example</Filter>
    </ClInclude>
    <ClInclude Include="TestGameWorld.h">
      <Filter>Header Files\Example</Filter>
    </ClInclude>
    <ClInclude Include="GameComponent.h">
      <Filter>Header Files\Engine\Game\Components</Filter>
    </ClInclude>
    <ClInclude Include="PhysicsComponent.h">
      <Filter>Header Files\Engine\Game\Components</Filter>
    </ClInclude>
    <ClInclude Include="GraphicsComponent.h">
      <Filter>Header Files\Engine\Game\Components</Filter>
    </ClInclude>
    <ClInclude Include="InputComponent.h">
      <Filter>Header Files\Engine\Game\Components</Filter>
    </ClInclude>
    <ClInclude Include="GameApp.h">
      <Filter>Header Files\Engine\Game</Filter>
    </ClInclude>
    <ClInclude Include="GameObject.h">
      <Filter>Header Files\Engine\Game</Filter>
    </ClInclude>
    <ClInclude Include="GameWorld.h">
      <Filter>Header Files\Engine\Game</Filter>
    </ClInclude>
    <ClInclude Include="GraphicsEngine.h">
      <Filter>Header Files\Engine\Graphics</Filter>
    </ClInclude>
    <ClInclude Include="Skybox.h">
      <Filter>Header Files\Engine\Graphics</Filter>
    </ClInclude>
    <ClInclude Include="Plane.h">
      <Filter>Header Files\GameObjects</Filter>
    </ClInclude>
    <ClInclude Include="MeshSurfaceGraphicsComponent.h">
      <Filter>Header Files\GameObjects\Graphics</Filter>
    </ClInclude>
    <ClInclude Include="BuildingGraphicsComponent.h">
      <Filter>Header Files\GameObjects\Graphics</Filter>
    </ClInclude>
    <ClInclude Include="CubeGraphicsComponent.h">
      <Filter>Header Files\GameObjects\Graphics</Filter>
    </ClInclude>
    <ClInclude Include="AsteroidGraphicsComponent.h">
      <Filter>Header Files\GameObjects\Graphics</Filter>
    </ClInclude>
    <ClInclude Include="Asteroid.h">
      <Filter>Header Files\GameObjects</Filter>
    </ClInclude>
    <ClInclude Include="Bullet.h">
      <Filter>Header Files\GameObjects</Filter>
    </ClInclude>
    <ClInclude Include="BulletGraphicsComponent.h">
      <Filter>Header Files\GameObjects\Graphics</Filter>
    </ClInclude>
    <ClInclude Include="PlaneInputComponent.h">
      <Filter>Header Files\GameObjects\Input</Filter>
    </ClInclude>
    <ClInclude Include="SpaceshipGraphicsComponent.h">
      <Filter>Header Files\GameObjects\Graphics</Filter>
    </ClInclude>
    <ClInclude Include="BulletPhysicsComponent.h">
      <Filter>Header Files\GameObjects\Physics</Filter>
    </ClInclude>
    <ClInclude Include="MoveableGameObject.h">
      <Filter>Header Files\GameObjects</Filter>
    </ClInclude>
    <ClInclude Include="FollowCamera.h">
      <Filter>Header Files\Engine\Camera</Filter>
    </ClInclude>
  </ItemGroup>
</Project>