<?xml version="1.0" encoding="utf-8"?>
<Project ToolsVersion="4.0" xmlns="http://schemas.microsoft.com/developer/msbuild/2003">
  <ItemGroup>
    <Filter Include="Source Files">
      <UniqueIdentifier>{4FC737F1-C7A5-4376-A066-2A32D752A2FF}</UniqueIdentifier>
      <Extensions>cpp;c;cc;cxx;def;odl;idl;hpj;bat;asm;asmx</Extensions>
    </Filter>
    <Filter Include="Header Files">
      <UniqueIdentifier>{93995380-89BD-4b04-88EB-625FBE52EBFB}</UniqueIdentifier>
      <Extensions>h;hpp;hxx;hm;inl;inc;xsd</Extensions>
    </Filter>
    <Filter Include="Source Files\util">
      <UniqueIdentifier>{e3712d68-c156-45b2-8f14-4c696718c0eb}</UniqueIdentifier>
    </Filter>
    <Filter Include="Source Files\util\configparser">
      <UniqueIdentifier>{9ee01536-0c6d-436b-b6b9-786c0660d1f4}</UniqueIdentifier>
    </Filter>
    <Filter Include="Header Files\util">
      <UniqueIdentifier>{136eb90b-6938-42bd-afe1-33f21ed951ac}</UniqueIdentifier>
    </Filter>
    <Filter Include="Header Files\util\configparser">
      <UniqueIdentifier>{43999a6c-5548-4c71-8fcd-2a5195dc7d8d}</UniqueIdentifier>
    </Filter>
    <Filter Include="Source Files\GameObject">
      <UniqueIdentifier>{03b81a21-0299-41c1-afce-b3eee6b40e81}</UniqueIdentifier>
    </Filter>
    <Filter Include="Source Files\GameObject\Components">
      <UniqueIdentifier>{91b7f217-b6ec-4b53-b80e-320490df0633}</UniqueIdentifier>
    </Filter>
    <Filter Include="Source Files\Engine">
      <UniqueIdentifier>{d6dd979d-1669-44e0-8665-2e3ad9080ec3}</UniqueIdentifier>
    </Filter>
    <Filter Include="Header Files\GameObject">
      <UniqueIdentifier>{b7299ead-8a6f-469a-aa9f-640ccfa70dd4}</UniqueIdentifier>
    </Filter>
    <Filter Include="Header Files\Engine">
      <UniqueIdentifier>{be52630d-d847-4a8f-a7b8-d00dd3840218}</UniqueIdentifier>
    </Filter>
    <Filter Include="Header Files\GameObject\Components">
      <UniqueIdentifier>{9358b080-8705-4e6f-8c61-06d1e5403c4a}</UniqueIdentifier>
    </Filter>
    <Filter Include="Source Files\GameObject\Components\Graphics">
      <UniqueIdentifier>{b3de6f31-be7c-4c5b-8a6a-50d581284b0b}</UniqueIdentifier>
    </Filter>
    <Filter Include="Source Files\GameObject\Components\Physics">
      <UniqueIdentifier>{ac36e499-f2dd-4619-9ff6-51470150ad9a}</UniqueIdentifier>
    </Filter>
    <Filter Include="Source Files\GameObject\Components\Input">
      <UniqueIdentifier>{d013820c-2e74-44a7-813f-c978f17daa86}</UniqueIdentifier>
    </Filter>
  </ItemGroup>
  <ItemGroup>
    <ClCompile Include="ConfigFile.cpp">
      <Filter>Source Files\util\configparser</Filter>
    </ClCompile>
    <ClCompile Include="winmain.cpp">
      <Filter>Source Files</Filter>
    </ClCompile>
    <ClCompile Include="Window.cpp">
      <Filter>Source Files</Filter>
    </ClCompile>
    <ClCompile Include="GameApp.cpp">
      <Filter>Source Files</Filter>
    </ClCompile>
    <ClCompile Include="SpaceGameApp.cpp">
      <Filter>Source Files</Filter>
    </ClCompile>
    <ClCompile Include="GameEngine.cpp">
      <Filter>Source Files\Engine</Filter>
    </ClCompile>
    <ClCompile Include="GraphicsEngine.cpp">
      <Filter>Source Files\Engine</Filter>
    </ClCompile>
  </ItemGroup>
  <ItemGroup>
    <ClInclude Include="ConfigFile.h">
      <Filter>Header Files\util\configparser</Filter>
    </ClInclude>
    <ClInclude Include="Triplet.h">
      <Filter>Header Files\util\configparser</Filter>
    </ClInclude>
    <ClInclude Include="Window.h">
      <Filter>Header Files</Filter>
    </ClInclude>
    <ClInclude Include="GameApp.h">
      <Filter>Header Files</Filter>
    </ClInclude>
    <ClInclude Include="SpaceGameApp.h">
      <Filter>Header Files</Filter>
    </ClInclude>
    <ClInclude Include="GameEngine.h">
      <Filter>Header Files\Engine</Filter>
    </ClInclude>
    <ClInclude Include="GameObject.h">
      <Filter>Header Files\GameObject</Filter>
    </ClInclude>
    <ClInclude Include="GraphicsComponent.h">
      <Filter>Header Files\GameObject\Components</Filter>
    </ClInclude>
    <ClInclude Include="InputComponent.h">
      <Filter>Header Files\GameObject\Components</Filter>
    </ClInclude>
    <ClInclude Include="PhysicsComponent.h">
      <Filter>Header Files\GameObject\Components</Filter>
    </ClInclude>
    <ClInclude Include="GraphicsEngine.h">
      <Filter>Header Files\Engine</Filter>
    </ClInclude>
  </ItemGroup>
</Project>